
Microsoft Visual Studio Solution File, Format Version 12.00
# Visual Studio 14
VisualStudioVersion = 14.0.25420.1
MinimumVisualStudioVersion = 10.0.40219.1
Project("{8BC9CEB8-8B4A-11D0-8D11-00A0C91BC942}") = "Spiel", "Spiel\Spiel.vcxproj", "{5014BC78-C553-4786-BD69-F347F633EA37}"
EndProject
Global
	GlobalSection(SolutionConfigurationPlatforms) = preSolution
		Debug|x64 = Debug|x64
		Debug|x86 = Debug|x86
		Release|x64 = Release|x64
		Release|x86 = Release|x86
	EndGlobalSection
	GlobalSection(ProjectConfigurationPlatforms) = postSolution
		{5014BC78-C553-4786-BD69-F347F633EA37}.Debug|x64.ActiveCfg = Debug|x64
		{5014BC78-C553-4786-BD69-F347F633EA37}.Debug|x64.Build.0 = Debug|x64
		{5014BC78-C553-4786-BD69-F347F633EA37}.Debug|x86.ActiveCfg = Debug|Win32
		{5014BC78-C553-4786-BD69-F347F633EA37}.Debug|x86.Build.0 = Debug|Win32
		{5014BC78-C553-4786-BD69-F347F633EA37}.Release|x64.ActiveCfg = Release|x64
		{5014BC78-C553-4786-BD69-F347F633EA37}.Release|x64.Build.0 = Release|x64
		{5014BC78-C553-4786-BD69-F347F633EA37}.Release|x86.ActiveCfg = Release|Win32
		{5014BC78-C553-4786-BD69-F347F633EA37}.Release|x86.Build.0 = Release|Win32
	EndGlobalSection
	GlobalSection(SolutionProperties) = preSolution
		HideSolutionNode = FALSE
	EndGlobalSection
EndGlobal
